
Microsoft Visual Studio Solution File, Format Version 12.00
# Visual Studio Version 17
VisualStudioVersion = 17.12.35527.113 d17.12
MinimumVisualStudioVersion = 10.0.40219.1
Project("{FAE04EC0-301F-11D3-BF4B-00C04F79EFBC}") = "Container", "Container.csproj", "{BFD41714-1360-43BC-AE33-6B8BAABE300A}"
EndProject
Project("{2150E333-8FDC-42A3-9474-1A3956D46DE8}") = ".github", ".github", "{428E51EB-DD3D-4DD8-9E3A-098E3F3FCFA7}"
EndProject
Project("{2150E333-8FDC-42A3-9474-1A3956D46DE8}") = "workflows", "workflows", "{DCF625DD-F9D7-4FBE-B353-EC0F9D72E89B}"
	ProjectSection(SolutionItems) = preProject
		main.yml = main.yml
	EndProjectSection
EndProject
Global
	GlobalSection(SolutionConfigurationPlatforms) = preSolution
		Debug|Any CPU = Debug|Any CPU
		Release|Any CPU = Release|Any CPU
	EndGlobalSection
	GlobalSection(ProjectConfigurationPlatforms) = postSolution
		{BFD41714-1360-43BC-AE33-6B8BAABE300A}.Debug|Any CPU.ActiveCfg = Debug|Any CPU
		{BFD41714-1360-43BC-AE33-6B8BAABE300A}.Debug|Any CPU.Build.0 = Debug|Any CPU
		{BFD41714-1360-43BC-AE33-6B8BAABE300A}.Release|Any CPU.ActiveCfg = Release|Any CPU
		{BFD41714-1360-43BC-AE33-6B8BAABE300A}.Release|Any CPU.Build.0 = Release|Any CPU
	EndGlobalSection
	GlobalSection(SolutionProperties) = preSolution
		HideSolutionNode = FALSE
	EndGlobalSection
	GlobalSection(NestedProjects) = preSolution
		{DCF625DD-F9D7-4FBE-B353-EC0F9D72E89B} = {428E51EB-DD3D-4DD8-9E3A-098E3F3FCFA7}
	EndGlobalSection
EndGlobal
